
Microsoft Visual Studio Solution File, Format Version 12.00
# Visual Studio 15
VisualStudioVersion = 15.0.28307.572
MinimumVisualStudioVersion = 10.0.40219.1
Project("{FAE04EC0-301F-11D3-BF4B-00C04F79EFBC}") = "velhas_game", "velhas_game\velhas_game.csproj", "{D42427CE-589D-41DC-99D2-F1754D6F1B21}"
EndProject
Global
	GlobalSection(SolutionConfigurationPlatforms) = preSolution
		Debug|Any CPU = Debug|Any CPU
		Release|Any CPU = Release|Any CPU
	EndGlobalSection
	GlobalSection(ProjectConfigurationPlatforms) = postSolution
		{D42427CE-589D-41DC-99D2-F1754D6F1B21}.Debug|Any CPU.ActiveCfg = Debug|Any CPU
		{D42427CE-589D-41DC-99D2-F1754D6F1B21}.Debug|Any CPU.Build.0 = Debug|Any CPU
		{D42427CE-589D-41DC-99D2-F1754D6F1B21}.Release|Any CPU.ActiveCfg = Release|Any CPU
		{D42427CE-589D-41DC-99D2-F1754D6F1B21}.Release|Any CPU.Build.0 = Release|Any CPU
	EndGlobalSection
	GlobalSection(SolutionProperties) = preSolution
		HideSolutionNode = FALSE
	EndGlobalSection
	GlobalSection(ExtensibilityGlobals) = postSolution
		SolutionGuid = {EC6FF587-56A1-4BE1-AAC2-7AB605E0D2E9}
	EndGlobalSection
EndGlobal
